// !$*UTF8*$!
{
	archiveVersion = 1;
	classes = {
	};
	objectVersion = 50;
	objects = {

/* Begin PBXBuildFile section */
		311066B020F781C000E8E125 /* LaunchImage.jpg in Resources */ = {isa = PBXBuildFile; fileRef = 311066AF20F781BF00E8E125 /* LaunchImage.jpg */; };
		311066B220F7C92800E8E125 /* AmazonService.swift in Sources */ = {isa = PBXBuildFile; fileRef = 311066B120F7C92800E8E125 /* AmazonService.swift */; };
		311066B420F7CAEC00E8E125 /* Product.swift in Sources */ = {isa = PBXBuildFile; fileRef = 311066B320F7CAEC00E8E125 /* Product.swift */; };
		3170B26320F68621000FD1AF /* AppDelegate.swift in Sources */ = {isa = PBXBuildFile; fileRef = 3170B26220F68621000FD1AF /* AppDelegate.swift */; };
		3170B26820F68621000FD1AF /* Main.storyboard in Resources */ = {isa = PBXBuildFile; fileRef = 3170B26620F68621000FD1AF /* Main.storyboard */; };
		3170B26A20F68622000FD1AF /* Assets.xcassets in Resources */ = {isa = PBXBuildFile; fileRef = 3170B26920F68622000FD1AF /* Assets.xcassets */; };
		3170B26D20F68622000FD1AF /* LaunchScreen.storyboard in Resources */ = {isa = PBXBuildFile; fileRef = 3170B26B20F68622000FD1AF /* LaunchScreen.storyboard */; };
		3170B27820F68622000FD1AF /* RetyTests.swift in Sources */ = {isa = PBXBuildFile; fileRef = 3170B27720F68622000FD1AF /* RetyTests.swift */; };
		3170B28320F68622000FD1AF /* RetyUITests.swift in Sources */ = {isa = PBXBuildFile; fileRef = 3170B28220F68622000FD1AF /* RetyUITests.swift */; };
		3170B29120F687BC000FD1AF /* ImageClassificationViewController.swift in Sources */ = {isa = PBXBuildFile; fileRef = 3170B29020F687BC000FD1AF /* ImageClassificationViewController.swift */; };
		3170B29320F687CC000FD1AF /* CGImagePropertyOrientation+UIImageOrientation.swift in Sources */ = {isa = PBXBuildFile; fileRef = 3170B29220F687CC000FD1AF /* CGImagePropertyOrientation+UIImageOrientation.swift */; };
		3170B29520F687D2000FD1AF /* ProductClassifier.mlmodel in Sources */ = {isa = PBXBuildFile; fileRef = 3170B29420F687D2000FD1AF /* ProductClassifier.mlmodel */; };
		3170B29720F68854000FD1AF /* LICENSE in Resources */ = {isa = PBXBuildFile; fileRef = 3170B29620F68854000FD1AF /* LICENSE */; };
		3170B29D20F69F9E000FD1AF /* ResultTableViewController.swift in Sources */ = {isa = PBXBuildFile; fileRef = 3170B29C20F69F9E000FD1AF /* ResultTableViewController.swift */; };
		3170B29F20F6A294000FD1AF /* ResultsTableViewController.swift in Sources */ = {isa = PBXBuildFile; fileRef = 3170B29E20F6A294000FD1AF /* ResultsTableViewController.swift */; };
		B177864F607BB89D1BF886BF /* Pods_Rety.framework in Frameworks */ = {isa = PBXBuildFile; fileRef = 9BBFD54B94E05064C10B03B7 /* Pods_Rety.framework */; };
/* End PBXBuildFile section */

/* Begin PBXContainerItemProxy section */
		3170B27420F68622000FD1AF /* PBXContainerItemProxy */ = {
			isa = PBXContainerItemProxy;
			containerPortal = 3170B25720F68621000FD1AF /* Project object */;
			proxyType = 1;
			remoteGlobalIDString = 3170B25E20F68621000FD1AF;
			remoteInfo = Rety;
		};
		3170B27F20F68622000FD1AF /* PBXContainerItemProxy */ = {
			isa = PBXContainerItemProxy;
			containerPortal = 3170B25720F68621000FD1AF /* Project object */;
			proxyType = 1;
			remoteGlobalIDString = 3170B25E20F68621000FD1AF;
			remoteInfo = Rety;
		};
/* End PBXContainerItemProxy section */

/* Begin PBXFileReference section */
		311066AF20F781BF00E8E125 /* LaunchImage.jpg */ = {isa = PBXFileReference; lastKnownFileType = image.jpeg; name = LaunchImage.jpg; path = RAW/LaunchImage/LaunchImage.jpg; sourceTree = SOURCE_ROOT; };
		311066B120F7C92800E8E125 /* AmazonService.swift */ = {isa = PBXFileReference; lastKnownFileType = sourcecode.swift; path = AmazonService.swift; sourceTree = "<group>"; };
		311066B320F7CAEC00E8E125 /* Product.swift */ = {isa = PBXFileReference; lastKnownFileType = sourcecode.swift; path = Product.swift; sourceTree = "<group>"; };
		3170B25F20F68621000FD1AF /* Rety.app */ = {isa = PBXFileReference; explicitFileType = wrapper.application; includeInIndex = 0; path = Rety.app; sourceTree = BUILT_PRODUCTS_DIR; };
		3170B26220F68621000FD1AF /* AppDelegate.swift */ = {isa = PBXFileReference; lastKnownFileType = sourcecode.swift; path = AppDelegate.swift; sourceTree = "<group>"; };
		3170B26720F68621000FD1AF /* Base */ = {isa = PBXFileReference; lastKnownFileType = file.storyboard; name = Base; path = Base.lproj/Main.storyboard; sourceTree = "<group>"; };
		3170B26920F68622000FD1AF /* Assets.xcassets */ = {isa = PBXFileReference; lastKnownFileType = folder.assetcatalog; path = Assets.xcassets; sourceTree = "<group>"; };
		3170B26C20F68622000FD1AF /* Base */ = {isa = PBXFileReference; lastKnownFileType = file.storyboard; name = Base; path = Base.lproj/LaunchScreen.storyboard; sourceTree = "<group>"; };
		3170B26E20F68622000FD1AF /* Info.plist */ = {isa = PBXFileReference; lastKnownFileType = text.plist.xml; path = Info.plist; sourceTree = "<group>"; };
		3170B27320F68622000FD1AF /* RetyTests.xctest */ = {isa = PBXFileReference; explicitFileType = wrapper.cfbundle; includeInIndex = 0; path = RetyTests.xctest; sourceTree = BUILT_PRODUCTS_DIR; };
		3170B27720F68622000FD1AF /* RetyTests.swift */ = {isa = PBXFileReference; lastKnownFileType = sourcecode.swift; path = RetyTests.swift; sourceTree = "<group>"; };
		3170B27920F68622000FD1AF /* Info.plist */ = {isa = PBXFileReference; lastKnownFileType = text.plist.xml; path = Info.plist; sourceTree = "<group>"; };
		3170B27E20F68622000FD1AF /* RetyUITests.xctest */ = {isa = PBXFileReference; explicitFileType = wrapper.cfbundle; includeInIndex = 0; path = RetyUITests.xctest; sourceTree = BUILT_PRODUCTS_DIR; };
		3170B28220F68622000FD1AF /* RetyUITests.swift */ = {isa = PBXFileReference; lastKnownFileType = sourcecode.swift; path = RetyUITests.swift; sourceTree = "<group>"; };
		3170B28420F68622000FD1AF /* Info.plist */ = {isa = PBXFileReference; lastKnownFileType = text.plist.xml; path = Info.plist; sourceTree = "<group>"; };
		3170B29020F687BC000FD1AF /* ImageClassificationViewController.swift */ = {isa = PBXFileReference; fileEncoding = 4; lastKnownFileType = sourcecode.swift; path = ImageClassificationViewController.swift; sourceTree = "<group>"; };
		3170B29220F687CC000FD1AF /* CGImagePropertyOrientation+UIImageOrientation.swift */ = {isa = PBXFileReference; fileEncoding = 4; lastKnownFileType = sourcecode.swift; path = "CGImagePropertyOrientation+UIImageOrientation.swift"; sourceTree = "<group>"; };
		3170B29420F687D2000FD1AF /* ProductClassifier.mlmodel */ = {isa = PBXFileReference; lastKnownFileType = file.mlmodel; path = ProductClassifier.mlmodel; sourceTree = "<group>"; };
		3170B29620F68854000FD1AF /* LICENSE */ = {isa = PBXFileReference; lastKnownFileType = folder; name = LICENSE; path = ../Areas/Context/ClassifyingImagesWithVisionAndCoreML/LICENSE; sourceTree = "<group>"; };
		3170B29C20F69F9E000FD1AF /* ResultTableViewController.swift */ = {isa = PBXFileReference; lastKnownFileType = sourcecode.swift; path = ResultTableViewController.swift; sourceTree = "<group>"; };
		3170B29E20F6A294000FD1AF /* ResultsTableViewController.swift */ = {isa = PBXFileReference; lastKnownFileType = sourcecode.swift; path = ResultsTableViewController.swift; sourceTree = "<group>"; };
		3E60C5CE2B9A73A7B4C99898 /* Pods-Rety.debug.xcconfig */ = {isa = PBXFileReference; includeInIndex = 1; lastKnownFileType = text.xcconfig; name = "Pods-Rety.debug.xcconfig"; path = "Pods/Target Support Files/Pods-Rety/Pods-Rety.debug.xcconfig"; sourceTree = "<group>"; };
		9BBFD54B94E05064C10B03B7 /* Pods_Rety.framework */ = {isa = PBXFileReference; explicitFileType = wrapper.framework; includeInIndex = 0; path = Pods_Rety.framework; sourceTree = BUILT_PRODUCTS_DIR; };
		BD6DDF50A1BEC58A5E17F631 /* Pods-Rety.release.xcconfig */ = {isa = PBXFileReference; includeInIndex = 1; lastKnownFileType = text.xcconfig; name = "Pods-Rety.release.xcconfig"; path = "Pods/Target Support Files/Pods-Rety/Pods-Rety.release.xcconfig"; sourceTree = "<group>"; };
/* End PBXFileReference section */

/* Begin PBXFrameworksBuildPhase section */
		3170B25C20F68621000FD1AF /* Frameworks */ = {
			isa = PBXFrameworksBuildPhase;
			buildActionMask = 2147483647;
			files = (
				B177864F607BB89D1BF886BF /* Pods_Rety.framework in Frameworks */,
			);
			runOnlyForDeploymentPostprocessing = 0;
		};
		3170B27020F68622000FD1AF /* Frameworks */ = {
			isa = PBXFrameworksBuildPhase;
			buildActionMask = 2147483647;
			files = (
			);
			runOnlyForDeploymentPostprocessing = 0;
		};
		3170B27B20F68622000FD1AF /* Frameworks */ = {
			isa = PBXFrameworksBuildPhase;
			buildActionMask = 2147483647;
			files = (
			);
			runOnlyForDeploymentPostprocessing = 0;
		};
/* End PBXFrameworksBuildPhase section */

/* Begin PBXGroup section */
		3170B25620F68621000FD1AF = {
			isa = PBXGroup;
			children = (
				3170B26120F68621000FD1AF /* Rety */,
				3170B27620F68622000FD1AF /* RetyTests */,
				3170B28120F68622000FD1AF /* RetyUITests */,
				3170B26020F68621000FD1AF /* Products */,
				3170B29620F68854000FD1AF /* LICENSE */,
				755C7A9B2C5BAF2D5A167047 /* Pods */,
				EE36E92EA31BE0C9E36E1676 /* Frameworks */,
			);
			sourceTree = "<group>";
		};
		3170B26020F68621000FD1AF /* Products */ = {
			isa = PBXGroup;
			children = (
				3170B25F20F68621000FD1AF /* Rety.app */,
				3170B27320F68622000FD1AF /* RetyTests.xctest */,
				3170B27E20F68622000FD1AF /* RetyUITests.xctest */,
			);
			name = Products;
			sourceTree = "<group>";
		};
		3170B26120F68621000FD1AF /* Rety */ = {
			isa = PBXGroup;
			children = (
				3170B26220F68621000FD1AF /* AppDelegate.swift */,
				3170B29020F687BC000FD1AF /* ImageClassificationViewController.swift */,
				3170B29220F687CC000FD1AF /* CGImagePropertyOrientation+UIImageOrientation.swift */,
				3170B26620F68621000FD1AF /* Main.storyboard */,
				3170B29C20F69F9E000FD1AF /* ResultTableViewController.swift */,
				3170B29E20F6A294000FD1AF /* ResultsTableViewController.swift */,
				311066B120F7C92800E8E125 /* AmazonService.swift */,
				311066B320F7CAEC00E8E125 /* Product.swift */,
				3170B29420F687D2000FD1AF /* ProductClassifier.mlmodel */,
				3170B26920F68622000FD1AF /* Assets.xcassets */,
				3170B26B20F68622000FD1AF /* LaunchScreen.storyboard */,
				3170B26E20F68622000FD1AF /* Info.plist */,
				311066AF20F781BF00E8E125 /* LaunchImage.jpg */,
			);
			path = Rety;
			sourceTree = "<group>";
		};
		3170B27620F68622000FD1AF /* RetyTests */ = {
			isa = PBXGroup;
			children = (
				3170B27720F68622000FD1AF /* RetyTests.swift */,
				3170B27920F68622000FD1AF /* Info.plist */,
			);
			path = RetyTests;
			sourceTree = "<group>";
		};
		3170B28120F68622000FD1AF /* RetyUITests */ = {
			isa = PBXGroup;
			children = (
				3170B28220F68622000FD1AF /* RetyUITests.swift */,
				3170B28420F68622000FD1AF /* Info.plist */,
			);
			path = RetyUITests;
			sourceTree = "<group>";
		};
		755C7A9B2C5BAF2D5A167047 /* Pods */ = {
			isa = PBXGroup;
			children = (
				3E60C5CE2B9A73A7B4C99898 /* Pods-Rety.debug.xcconfig */,
				BD6DDF50A1BEC58A5E17F631 /* Pods-Rety.release.xcconfig */,
			);
			name = Pods;
			sourceTree = "<group>";
		};
		EE36E92EA31BE0C9E36E1676 /* Frameworks */ = {
			isa = PBXGroup;
			children = (
				9BBFD54B94E05064C10B03B7 /* Pods_Rety.framework */,
			);
			name = Frameworks;
			sourceTree = "<group>";
		};
/* End PBXGroup section */

/* Begin PBXNativeTarget section */
		3170B25E20F68621000FD1AF /* Rety */ = {
			isa = PBXNativeTarget;
			buildConfigurationList = 3170B28720F68622000FD1AF /* Build configuration list for PBXNativeTarget "Rety" */;
			buildPhases = (
				6D90722EE9C2C9BF679E40B5 /* [CP] Check Pods Manifest.lock */,
				3170B25B20F68621000FD1AF /* Sources */,
				3170B25C20F68621000FD1AF /* Frameworks */,
				3170B25D20F68621000FD1AF /* Resources */,
				22A76F00954A670CB791781C /* [CP] Embed Pods Frameworks */,
			);
			buildRules = (
			);
			dependencies = (
			);
			name = Rety;
			productName = Rety;
			productReference = 3170B25F20F68621000FD1AF /* Rety.app */;
			productType = "com.apple.product-type.application";
		};
		3170B27220F68622000FD1AF /* RetyTests */ = {
			isa = PBXNativeTarget;
			buildConfigurationList = 3170B28A20F68622000FD1AF /* Build configuration list for PBXNativeTarget "RetyTests" */;
			buildPhases = (
				3170B26F20F68622000FD1AF /* Sources */,
				3170B27020F68622000FD1AF /* Frameworks */,
				3170B27120F68622000FD1AF /* Resources */,
			);
			buildRules = (
			);
			dependencies = (
				3170B27520F68622000FD1AF /* PBXTargetDependency */,
			);
			name = RetyTests;
			productName = RetyTests;
			productReference = 3170B27320F68622000FD1AF /* RetyTests.xctest */;
			productType = "com.apple.product-type.bundle.unit-test";
		};
		3170B27D20F68622000FD1AF /* RetyUITests */ = {
			isa = PBXNativeTarget;
			buildConfigurationList = 3170B28D20F68622000FD1AF /* Build configuration list for PBXNativeTarget "RetyUITests" */;
			buildPhases = (
				3170B27A20F68622000FD1AF /* Sources */,
				3170B27B20F68622000FD1AF /* Frameworks */,
				3170B27C20F68622000FD1AF /* Resources */,
			);
			buildRules = (
			);
			dependencies = (
				3170B28020F68622000FD1AF /* PBXTargetDependency */,
			);
			name = RetyUITests;
			productName = RetyUITests;
			productReference = 3170B27E20F68622000FD1AF /* RetyUITests.xctest */;
			productType = "com.apple.product-type.bundle.ui-testing";
		};
/* End PBXNativeTarget section */

/* Begin PBXProject section */
		3170B25720F68621000FD1AF /* Project object */ = {
			isa = PBXProject;
			attributes = {
				LastSwiftUpdateCheck = 1000;
				LastUpgradeCheck = 1000;
				ORGANIZATIONNAME = "mimacom Deutschland GmbH";
				TargetAttributes = {
					3170B25E20F68621000FD1AF = {
						CreatedOnToolsVersion = 10.0;
					};
					3170B27220F68622000FD1AF = {
						CreatedOnToolsVersion = 10.0;
						TestTargetID = 3170B25E20F68621000FD1AF;
					};
					3170B27D20F68622000FD1AF = {
						CreatedOnToolsVersion = 10.0;
						TestTargetID = 3170B25E20F68621000FD1AF;
					};
				};
			};
			buildConfigurationList = 3170B25A20F68621000FD1AF /* Build configuration list for PBXProject "Rety" */;
			compatibilityVersion = "Xcode 9.3";
			developmentRegion = en;
			hasScannedForEncodings = 0;
			knownRegions = (
				en,
				Base,
			);
			mainGroup = 3170B25620F68621000FD1AF;
			productRefGroup = 3170B26020F68621000FD1AF /* Products */;
			projectDirPath = "";
			projectRoot = "";
			targets = (
				3170B25E20F68621000FD1AF /* Rety */,
				3170B27220F68622000FD1AF /* RetyTests */,
				3170B27D20F68622000FD1AF /* RetyUITests */,
			);
		};
/* End PBXProject section */

/* Begin PBXResourcesBuildPhase section */
		3170B25D20F68621000FD1AF /* Resources */ = {
			isa = PBXResourcesBuildPhase;
			buildActionMask = 2147483647;
			files = (
				3170B26D20F68622000FD1AF /* LaunchScreen.storyboard in Resources */,
				311066B020F781C000E8E125 /* LaunchImage.jpg in Resources */,
				3170B26A20F68622000FD1AF /* Assets.xcassets in Resources */,
				3170B29720F68854000FD1AF /* LICENSE in Resources */,
				3170B26820F68621000FD1AF /* Main.storyboard in Resources */,
			);
			runOnlyForDeploymentPostprocessing = 0;
		};
		3170B27120F68622000FD1AF /* Resources */ = {
			isa = PBXResourcesBuildPhase;
			buildActionMask = 2147483647;
			files = (
			);
			runOnlyForDeploymentPostprocessing = 0;
		};
		3170B27C20F68622000FD1AF /* Resources */ = {
			isa = PBXResourcesBuildPhase;
			buildActionMask = 2147483647;
			files = (
			);
			runOnlyForDeploymentPostprocessing = 0;
		};
/* End PBXResourcesBuildPhase section */

/* Begin PBXShellScriptBuildPhase section */
		22A76F00954A670CB791781C /* [CP] Embed Pods Frameworks */ = {
			isa = PBXShellScriptBuildPhase;
			buildActionMask = 2147483647;
			files = (
			);
			inputPaths = (
				"${SRCROOT}/Pods/Target Support Files/Pods-Rety/Pods-Rety-frameworks.sh",
				"${BUILT_PRODUCTS_DIR}/Alamofire/Alamofire.framework",
			);
			name = "[CP] Embed Pods Frameworks";
			outputPaths = (
				"${TARGET_BUILD_DIR}/${FRAMEWORKS_FOLDER_PATH}/Alamofire.framework",
			);
			runOnlyForDeploymentPostprocessing = 0;
			shellPath = /bin/sh;
			shellScript = "\"${SRCROOT}/Pods/Target Support Files/Pods-Rety/Pods-Rety-frameworks.sh\"\n";
			showEnvVarsInLog = 0;
		};
		6D90722EE9C2C9BF679E40B5 /* [CP] Check Pods Manifest.lock */ = {
			isa = PBXShellScriptBuildPhase;
			buildActionMask = 2147483647;
			files = (
			);
			inputPaths = (
				"${PODS_PODFILE_DIR_PATH}/Podfile.lock",
				"${PODS_ROOT}/Manifest.lock",
			);
			name = "[CP] Check Pods Manifest.lock";
			outputPaths = (
				"$(DERIVED_FILE_DIR)/Pods-Rety-checkManifestLockResult.txt",
			);
			runOnlyForDeploymentPostprocessing = 0;
			shellPath = /bin/sh;
			shellScript = "diff \"${PODS_PODFILE_DIR_PATH}/Podfile.lock\" \"${PODS_ROOT}/Manifest.lock\" > /dev/null\nif [ $? != 0 ] ; then\n    # print error to STDERR\n    echo \"error: The sandbox is not in sync with the Podfile.lock. Run 'pod install' or update your CocoaPods installation.\" >&2\n    exit 1\nfi\n# This output is used by Xcode 'outputs' to avoid re-running this script phase.\necho \"SUCCESS\" > \"${SCRIPT_OUTPUT_FILE_0}\"\n";
			showEnvVarsInLog = 0;
		};
/* End PBXShellScriptBuildPhase section */

/* Begin PBXSourcesBuildPhase section */
		3170B25B20F68621000FD1AF /* Sources */ = {
			isa = PBXSourcesBuildPhase;
			buildActionMask = 2147483647;
			files = (
				3170B29F20F6A294000FD1AF /* ResultsTableViewController.swift in Sources */,
				311066B420F7CAEC00E8E125 /* Product.swift in Sources */,
				3170B29320F687CC000FD1AF /* CGImagePropertyOrientation+UIImageOrientation.swift in Sources */,
				311066B220F7C92800E8E125 /* AmazonService.swift in Sources */,
				3170B26320F68621000FD1AF /* AppDelegate.swift in Sources */,
				3170B29120F687BC000FD1AF /* ImageClassificationViewController.swift in Sources */,
				3170B29520F687D2000FD1AF /* ProductClassifier.mlmodel in Sources */,
				3170B29D20F69F9E000FD1AF /* ResultTableViewController.swift in Sources */,
			);
			runOnlyForDeploymentPostprocessing = 0;
		};
		3170B26F20F68622000FD1AF /* Sources */ = {
			isa = PBXSourcesBuildPhase;
			buildActionMask = 2147483647;
			files = (
				3170B27820F68622000FD1AF /* RetyTests.swift in Sources */,
			);
			runOnlyForDeploymentPostprocessing = 0;
		};
		3170B27A20F68622000FD1AF /* Sources */ = {
			isa = PBXSourcesBuildPhase;
			buildActionMask = 2147483647;
			files = (
				3170B28320F68622000FD1AF /* RetyUITests.swift in Sources */,
			);
			runOnlyForDeploymentPostprocessing = 0;
		};
/* End PBXSourcesBuildPhase section */

/* Begin PBXTargetDependency section */
		3170B27520F68622000FD1AF /* PBXTargetDependency */ = {
			isa = PBXTargetDependency;
			target = 3170B25E20F68621000FD1AF /* Rety */;
			targetProxy = 3170B27420F68622000FD1AF /* PBXContainerItemProxy */;
		};
		3170B28020F68622000FD1AF /* PBXTargetDependency */ = {
			isa = PBXTargetDependency;
			target = 3170B25E20F68621000FD1AF /* Rety */;
			targetProxy = 3170B27F20F68622000FD1AF /* PBXContainerItemProxy */;
		};
/* End PBXTargetDependency section */

/* Begin PBXVariantGroup section */
		3170B26620F68621000FD1AF /* Main.storyboard */ = {
			isa = PBXVariantGroup;
			children = (
				3170B26720F68621000FD1AF /* Base */,
			);
			name = Main.storyboard;
			sourceTree = "<group>";
		};
		3170B26B20F68622000FD1AF /* LaunchScreen.storyboard */ = {
			isa = PBXVariantGroup;
			children = (
				3170B26C20F68622000FD1AF /* Base */,
			);
			name = LaunchScreen.storyboard;
			sourceTree = "<group>";
		};
/* End PBXVariantGroup section */

/* Begin XCBuildConfiguration section */
		3170B28520F68622000FD1AF /* Debug */ = {
			isa = XCBuildConfiguration;
			buildSettings = {
				ALWAYS_SEARCH_USER_PATHS = NO;
				CLANG_ANALYZER_NONNULL = YES;
				CLANG_ANALYZER_NUMBER_OBJECT_CONVERSION = YES_AGGRESSIVE;
				CLANG_CXX_LANGUAGE_STANDARD = "gnu++14";
				CLANG_CXX_LIBRARY = "libc++";
				CLANG_ENABLE_MODULES = YES;
				CLANG_ENABLE_OBJC_ARC = YES;
				CLANG_ENABLE_OBJC_WEAK = YES;
				CLANG_WARN_BLOCK_CAPTURE_AUTORELEASING = YES;
				CLANG_WARN_BOOL_CONVERSION = YES;
				CLANG_WARN_COMMA = YES;
				CLANG_WARN_CONSTANT_CONVERSION = YES;
				CLANG_WARN_DEPRECATED_OBJC_IMPLEMENTATIONS = YES;
				CLANG_WARN_DIRECT_OBJC_ISA_USAGE = YES_ERROR;
				CLANG_WARN_DOCUMENTATION_COMMENTS = YES;
				CLANG_WARN_EMPTY_BODY = YES;
				CLANG_WARN_ENUM_CONVERSION = YES;
				CLANG_WARN_INFINITE_RECURSION = YES;
				CLANG_WARN_INT_CONVERSION = YES;
				CLANG_WARN_NON_LITERAL_NULL_CONVERSION = YES;
				CLANG_WARN_OBJC_IMPLICIT_RETAIN_SELF = YES;
				CLANG_WARN_OBJC_LITERAL_CONVERSION = YES;
				CLANG_WARN_OBJC_ROOT_CLASS = YES_ERROR;
				CLANG_WARN_RANGE_LOOP_ANALYSIS = YES;
				CLANG_WARN_STRICT_PROTOTYPES = YES;
				CLANG_WARN_SUSPICIOUS_MOVE = YES;
				CLANG_WARN_UNGUARDED_AVAILABILITY = YES_AGGRESSIVE;
				CLANG_WARN_UNREACHABLE_CODE = YES;
				CLANG_WARN__DUPLICATE_METHOD_MATCH = YES;
				CODE_SIGN_IDENTITY = "iPhone Developer";
				COPY_PHASE_STRIP = NO;
				DEBUG_INFORMATION_FORMAT = dwarf;
				ENABLE_STRICT_OBJC_MSGSEND = YES;
				ENABLE_TESTABILITY = YES;
				GCC_C_LANGUAGE_STANDARD = gnu11;
				GCC_DYNAMIC_NO_PIC = NO;
				GCC_NO_COMMON_BLOCKS = YES;
				GCC_OPTIMIZATION_LEVEL = 0;
				GCC_PREPROCESSOR_DEFINITIONS = (
					"DEBUG=1",
					"$(inherited)",
				);
				GCC_WARN_64_TO_32_BIT_CONVERSION = YES;
				GCC_WARN_ABOUT_RETURN_TYPE = YES_ERROR;
				GCC_WARN_UNDECLARED_SELECTOR = YES;
				GCC_WARN_UNINITIALIZED_AUTOS = YES_AGGRESSIVE;
				GCC_WARN_UNUSED_FUNCTION = YES;
				GCC_WARN_UNUSED_VARIABLE = YES;
				IPHONEOS_DEPLOYMENT_TARGET = 12.0;
				MTL_ENABLE_DEBUG_INFO = INCLUDE_SOURCE;
				MTL_FAST_MATH = YES;
				ONLY_ACTIVE_ARCH = YES;
				SDKROOT = iphoneos;
				SWIFT_ACTIVE_COMPILATION_CONDITIONS = DEBUG;
				SWIFT_OPTIMIZATION_LEVEL = "-Onone";
			};
			name = Debug;
		};
		3170B28620F68622000FD1AF /* Release */ = {
			isa = XCBuildConfiguration;
			buildSettings = {
				ALWAYS_SEARCH_USER_PATHS = NO;
				CLANG_ANALYZER_NONNULL = YES;
				CLANG_ANALYZER_NUMBER_OBJECT_CONVERSION = YES_AGGRESSIVE;
				CLANG_CXX_LANGUAGE_STANDARD = "gnu++14";
				CLANG_CXX_LIBRARY = "libc++";
				CLANG_ENABLE_MODULES = YES;
				CLANG_ENABLE_OBJC_ARC = YES;
				CLANG_ENABLE_OBJC_WEAK = YES;
				CLANG_WARN_BLOCK_CAPTURE_AUTORELEASING = YES;
				CLANG_WARN_BOOL_CONVERSION = YES;
				CLANG_WARN_COMMA = YES;
				CLANG_WARN_CONSTANT_CONVERSION = YES;
				CLANG_WARN_DEPRECATED_OBJC_IMPLEMENTATIONS = YES;
				CLANG_WARN_DIRECT_OBJC_ISA_USAGE = YES_ERROR;
				CLANG_WARN_DOCUMENTATION_COMMENTS = YES;
				CLANG_WARN_EMPTY_BODY = YES;
				CLANG_WARN_ENUM_CONVERSION = YES;
				CLANG_WARN_INFINITE_RECURSION = YES;
				CLANG_WARN_INT_CONVERSION = YES;
				CLANG_WARN_NON_LITERAL_NULL_CONVERSION = YES;
				CLANG_WARN_OBJC_IMPLICIT_RETAIN_SELF = YES;
				CLANG_WARN_OBJC_LITERAL_CONVERSION = YES;
				CLANG_WARN_OBJC_ROOT_CLASS = YES_ERROR;
				CLANG_WARN_RANGE_LOOP_ANALYSIS = YES;
				CLANG_WARN_STRICT_PROTOTYPES = YES;
				CLANG_WARN_SUSPICIOUS_MOVE = YES;
				CLANG_WARN_UNGUARDED_AVAILABILITY = YES_AGGRESSIVE;
				CLANG_WARN_UNREACHABLE_CODE = YES;
				CLANG_WARN__DUPLICATE_METHOD_MATCH = YES;
				CODE_SIGN_IDENTITY = "iPhone Developer";
				COPY_PHASE_STRIP = NO;
				DEBUG_INFORMATION_FORMAT = "dwarf-with-dsym";
				ENABLE_NS_ASSERTIONS = NO;
				ENABLE_STRICT_OBJC_MSGSEND = YES;
				GCC_C_LANGUAGE_STANDARD = gnu11;
				GCC_NO_COMMON_BLOCKS = YES;
				GCC_WARN_64_TO_32_BIT_CONVERSION = YES;
				GCC_WARN_ABOUT_RETURN_TYPE = YES_ERROR;
				GCC_WARN_UNDECLARED_SELECTOR = YES;
				GCC_WARN_UNINITIALIZED_AUTOS = YES_AGGRESSIVE;
				GCC_WARN_UNUSED_FUNCTION = YES;
				GCC_WARN_UNUSED_VARIABLE = YES;
				IPHONEOS_DEPLOYMENT_TARGET = 12.0;
				MTL_ENABLE_DEBUG_INFO = NO;
				MTL_FAST_MATH = YES;
				SDKROOT = iphoneos;
				SWIFT_COMPILATION_MODE = wholemodule;
				SWIFT_OPTIMIZATION_LEVEL = "-O";
				VALIDATE_PRODUCT = YES;
			};
			name = Release;
		};
		3170B28820F68622000FD1AF /* Debug */ = {
			isa = XCBuildConfiguration;
			baseConfigurationReference = 3E60C5CE2B9A73A7B4C99898 /* Pods-Rety.debug.xcconfig */;
			buildSettings = {
				ASSETCATALOG_COMPILER_APPICON_NAME = AppIcon;
				ASSETCATALOG_COMPILER_LAUNCHIMAGE_NAME = LaunchImage;
				CODE_SIGN_STYLE = Automatic;
				DEVELOPMENT_TEAM = 8C7KNTR4Z3;
				INFOPLIST_FILE = Rety/Info.plist;
				IPHONEOS_DEPLOYMENT_TARGET = 12.0;
				LD_RUNPATH_SEARCH_PATHS = (
					"$(inherited)",
					"@executable_path/Frameworks",
				);
				PRODUCT_BUNDLE_IDENTIFIER = com.mimacom.ios.Rety;
				PRODUCT_NAME = "$(TARGET_NAME)";
				SWIFT_VERSION = 4.2;
				TARGETED_DEVICE_FAMILY = "1,2";
			};
			name = Debug;
		};
		3170B28920F68622000FD1AF /* Release */ = {
			isa = XCBuildConfiguration;
			baseConfigurationReference = BD6DDF50A1BEC58A5E17F631 /* Pods-Rety.release.xcconfig */;
			buildSettings = {
				ASSETCATALOG_COMPILER_APPICON_NAME = AppIcon;
				ASSETCATALOG_COMPILER_LAUNCHIMAGE_NAME = LaunchImage;
				CODE_SIGN_STYLE = Automatic;
				DEVELOPMENT_TEAM = 8C7KNTR4Z3;
				INFOPLIST_FILE = Rety/Info.plist;
				IPHONEOS_DEPLOYMENT_TARGET = 12.0;
				LD_RUNPATH_SEARCH_PATHS = (
					"$(inherited)",
					"@executable_path/Frameworks",
				);
				PRODUCT_BUNDLE_IDENTIFIER = com.mimacom.ios.Rety;
				PRODUCT_NAME = "$(TARGET_NAME)";
				SWIFT_VERSION = 4.2;
				TARGETED_DEVICE_FAMILY = "1,2";
			};
			name = Release;
		};
		3170B28B20F68622000FD1AF /* Debug */ = {
			isa = XCBuildConfiguration;
			buildSettings = {
				ALWAYS_EMBED_SWIFT_STANDARD_LIBRARIES = YES;
				BUNDLE_LOADER = "$(TEST_HOST)";
				CODE_SIGN_STYLE = Automatic;
				DEVELOPMENT_TEAM = H8T57MA3E5;
				INFOPLIST_FILE = RetyTests/Info.plist;
				LD_RUNPATH_SEARCH_PATHS = (
					"$(inherited)",
					"@executable_path/Frameworks",
					"@loader_path/Frameworks",
				);
				PRODUCT_BUNDLE_IDENTIFIER = com.mimacom.RetyTests;
				PRODUCT_NAME = "$(TARGET_NAME)";
				SWIFT_VERSION = 4.2;
				TARGETED_DEVICE_FAMILY = "1,2";
				TEST_HOST = "$(BUILT_PRODUCTS_DIR)/Rety.app/Rety";
			};
			name = Debug;
		};
		3170B28C20F68622000FD1AF /* Release */ = {
			isa = XCBuildConfiguration;
			buildSettings = {
				ALWAYS_EMBED_SWIFT_STANDARD_LIBRARIES = YES;
				BUNDLE_LOADER = "$(TEST_HOST)";
				CODE_SIGN_STYLE = Automatic;
				DEVELOPMENT_TEAM = H8T57MA3E5;
				INFOPLIST_FILE = RetyTests/Info.plist;
				LD_RUNPATH_SEARCH_PATHS = (
					"$(inherited)",
					"@executable_path/Frameworks",
					"@loader_path/Frameworks",
				);
				PRODUCT_BUNDLE_IDENTIFIER = com.mimacom.RetyTests;
				PRODUCT_NAME = "$(TARGET_NAME)";
				SWIFT_VERSION = 4.2;
				TARGETED_DEVICE_FAMILY = "1,2";
				TEST_HOST = "$(BUILT_PRODUCTS_DIR)/Rety.app/Rety";
			};
			name = Release;
		};
		3170B28E20F68622000FD1AF /* Debug */ = {
			isa = XCBuildConfiguration;
			buildSettings = {
				ALWAYS_EMBED_SWIFT_STANDARD_LIBRARIES = YES;
				CODE_SIGN_STYLE = Automatic;
				DEVELOPMENT_TEAM = H8T57MA3E5;
				INFOPLIST_FILE = RetyUITests/Info.plist;
				LD_RUNPATH_SEARCH_PATHS = (
					"$(inherited)",
					"@executable_path/Frameworks",
					"@loader_path/Frameworks",
				);
				PRODUCT_BUNDLE_IDENTIFIER = com.mimacom.RetyUITests;
				PRODUCT_NAME = "$(TARGET_NAME)";
				SWIFT_VERSION = 4.2;
				TARGETED_DEVICE_FAMILY = "1,2";
				TEST_TARGET_NAME = Rety;
			};
			name = Debug;
		};
		3170B28F20F68622000FD1AF /* Release */ = {
			isa = XCBuildConfiguration;
			buildSettings = {
				ALWAYS_EMBED_SWIFT_STANDARD_LIBRARIES = YES;
				CODE_SIGN_STYLE = Automatic;
				DEVELOPMENT_TEAM = H8T57MA3E5;
				INFOPLIST_FILE = RetyUITests/Info.plist;
				LD_RUNPATH_SEARCH_PATHS = (
					"$(inherited)",
					"@executable_path/Frameworks",
					"@loader_path/Frameworks",
				);
				PRODUCT_BUNDLE_IDENTIFIER = com.mimacom.RetyUITests;
				PRODUCT_NAME = "$(TARGET_NAME)";
				SWIFT_VERSION = 4.2;
				TARGETED_DEVICE_FAMILY = "1,2";
				TEST_TARGET_NAME = Rety;
			};
			name = Release;
		};
/* End XCBuildConfiguration section */

/* Begin XCConfigurationList section */
		3170B25A20F68621000FD1AF /* Build configuration list for PBXProject "Rety" */ = {
			isa = XCConfigurationList;
			buildConfigurations = (
				3170B28520F68622000FD1AF /* Debug */,
				3170B28620F68622000FD1AF /* Release */,
			);
			defaultConfigurationIsVisible = 0;
			defaultConfigurationName = Release;
		};
		3170B28720F68622000FD1AF /* Build configuration list for PBXNativeTarget "Rety" */ = {
			isa = XCConfigurationList;
			buildConfigurations = (
				3170B28820F68622000FD1AF /* Debug */,
				3170B28920F68622000FD1AF /* Release */,
			);
			defaultConfigurationIsVisible = 0;
			defaultConfigurationName = Release;
		};
		3170B28A20F68622000FD1AF /* Build configuration list for PBXNativeTarget "RetyTests" */ = {
			isa = XCConfigurationList;
			buildConfigurations = (
				3170B28B20F68622000FD1AF /* Debug */,
				3170B28C20F68622000FD1AF /* Release */,
			);
			defaultConfigurationIsVisible = 0;
			defaultConfigurationName = Release;
		};
		3170B28D20F68622000FD1AF /* Build configuration list for PBXNativeTarget "RetyUITests" */ = {
			isa = XCConfigurationList;
			buildConfigurations = (
				3170B28E20F68622000FD1AF /* Debug */,
				3170B28F20F68622000FD1AF /* Release */,
			);
			defaultConfigurationIsVisible = 0;
			defaultConfigurationName = Release;
		};
/* End XCConfigurationList section */
	};
	rootObject = 3170B25720F68621000FD1AF /* Project object */;
}
